
Microsoft Visual Studio Solution File, Format Version 12.00
# Visual Studio Version 17
VisualStudioVersion = 17.3.32901.215
MinimumVisualStudioVersion = 10.0.40219.1
Project("{9A19103F-16F7-4668-BE54-9A1E7A4F7556}") = "EricJohansson.Site.Shared", "EricJohansson.Site\Shared\EricJohansson.Site.Shared.csproj", "{BC1D682C-10E3-47C5-8278-818CBC867351}"
EndProject
Global
	GlobalSection(SolutionConfigurationPlatforms) = preSolution
		Debug|Any CPU = Debug|Any CPU
		Release|Any CPU = Release|Any CPU
	EndGlobalSection
	GlobalSection(ProjectConfigurationPlatforms) = postSolution
		{BC1D682C-10E3-47C5-8278-818CBC867351}.Debug|Any CPU.ActiveCfg = Debug|Any CPU
		{BC1D682C-10E3-47C5-8278-818CBC867351}.Debug|Any CPU.Build.0 = Debug|Any CPU
		{BC1D682C-10E3-47C5-8278-818CBC867351}.Release|Any CPU.ActiveCfg = Release|Any CPU
		{BC1D682C-10E3-47C5-8278-818CBC867351}.Release|Any CPU.Build.0 = Release|Any CPU
	EndGlobalSection
	GlobalSection(SolutionProperties) = preSolution
		HideSolutionNode = FALSE
	EndGlobalSection
	GlobalSection(ExtensibilityGlobals) = postSolution
		SolutionGuid = {3B479E2E-5BBE-4D7F-8018-EAE711F816D7}
	EndGlobalSection
EndGlobal
